
Microsoft Visual Studio Solution File, Format Version 12.00
# Visual Studio Version 16
VisualStudioVersion = 16.0.32002.261
MinimumVisualStudioVersion = 10.0.40219.1
Project("{FAE04EC0-301F-11D3-BF4B-00C04F79EFBC}") = "iDemo.MutexDemo", "iDemo.MutexDemo\iDemo.MutexDemo.csproj", "{A1CB5563-E4E3-4B7C-AD4C-693AACFAB701}"
EndProject
Global
	GlobalSection(SolutionConfigurationPlatforms) = preSolution
		Debug|Any CPU = Debug|Any CPU
		Release|Any CPU = Release|Any CPU
	EndGlobalSection
	GlobalSection(ProjectConfigurationPlatforms) = postSolution
		{A1CB5563-E4E3-4B7C-AD4C-693AACFAB701}.Debug|Any CPU.ActiveCfg = Debug|Any CPU
		{A1CB5563-E4E3-4B7C-AD4C-693AACFAB701}.Debug|Any CPU.Build.0 = Debug|Any CPU
		{A1CB5563-E4E3-4B7C-AD4C-693AACFAB701}.Release|Any CPU.ActiveCfg = Release|Any CPU
		{A1CB5563-E4E3-4B7C-AD4C-693AACFAB701}.Release|Any CPU.Build.0 = Release|Any CPU
	EndGlobalSection
	GlobalSection(SolutionProperties) = preSolution
		HideSolutionNode = FALSE
	EndGlobalSection
	GlobalSection(ExtensibilityGlobals) = postSolution
		SolutionGuid = {CDB740AB-2825-47E7-99DF-C5DE00693E45}
	EndGlobalSection
EndGlobal
